#MicroXplorer Configuration settings - do not modify
File.Version=5
KeepUserPlacement=true
Mcu.Family=STM32F7
Mcu.IP0=CORTEX_M7
Mcu.IP1=NVIC
Mcu.IP2=QUADSPI
Mcu.IP3=RCC
Mcu.IP4=USART1
Mcu.IPNb=5
Mcu.Name=STM32F746I(E-G)Tx
Mcu.Package=LQFP176
Mcu.Pin0=PF6
Mcu.Pin1=PF7
Mcu.Pin2=PF8
Mcu.Pin3=PF9
Mcu.Pin4=PH0/OSC_IN
Mcu.Pin5=PH1/OSC_OUT
Mcu.Pin6=PB2
Mcu.Pin7=PA9
Mcu.Pin8=PA10
Mcu.Pin9=PB6
Mcu.PinsNb=10
Mcu.UserConstants=
Mcu.UserName=STM32F746IGTx
MxCube.Version=4.12.0
MxDb.Version=DB.4.0.120
NVIC.PriorityGroup=NVIC_PRIORITYGROUP_4
NVIC.SysTick_IRQn=true\:0\:0\:false
PA10.Mode=Asynchronous
PA10.Signal=USART1_RX
PA9.Mode=Asynchronous
PA9.Signal=USART1_TX
PB2.Mode=Single Bank 1
PB2.Signal=QUADSPI_CLK
PB6.Mode=Single Bank 1
PB6.Signal=QUADSPI_BK1_NCS
PCC.Checker=false
PCC.Line=STM32F7x6
PCC.MCU=STM32F746I(E-G)Tx
PCC.MXVersion=4.12.0
PCC.PartNumber=STM32F746IGTx
PCC.Seq0=0
PCC.Series=STM32F7
PCC.Temperature=25
PCC.Vdd=3.3
PF6.Mode=Single Bank 1
PF6.Signal=QUADSPI_BK1_IO3
PF7.GPIOParameters=GPIO_PuPd
PF7.GPIO_PuPd=GPIO_PULLUP
PF7.Locked=true
PF7.Mode=Single Bank 1
PF7.Signal=QUADSPI_BK1_IO2
PF8.Mode=Single Bank 1
PF8.Signal=QUADSPI_BK1_IO0
PF9.Mode=Single Bank 1
PF9.Signal=QUADSPI_BK1_IO1
PH0/OSC_IN.Mode=HSE-External-Oscillator
PH0/OSC_IN.Signal=RCC_OSC_IN
PH1/OSC_OUT.Mode=HSE-External-Oscillator
PH1/OSC_OUT.Signal=RCC_OSC_OUT
ProjectManager.AskForMigrate=true
ProjectManager.BackupPrevious=false
ProjectManager.CompilerOptimize=2
ProjectManager.ComputerToolchain=false
ProjectManager.CoupleFile=true
ProjectManager.DeletePrevious=true
ProjectManager.DeviceId=STM32F746IGTx
ProjectManager.FirmwarePackage=STM32Cube FW_F7 V1.3.0
ProjectManager.FreePins=false
ProjectManager.HalAssertFull=false
ProjectManager.KeepUserCode=true
ProjectManager.LastFirmware=true
ProjectManager.LibraryCopy=0
ProjectManager.ProjectBuild=false
ProjectManager.ProjectFileName=STM32F746I.ioc
ProjectManager.ProjectName=STM32F746I
ProjectManager.TargetToolchain=MDK-ARM V5
ProjectManager.ToolChainLocation=
QUADSPI.ChipSelectHighTime=QSPI_CS_HIGH_TIME_2_CYCLE
QUADSPI.ClockPrescaler=2
QUADSPI.FifoThreshold=4
QUADSPI.FlashSize=23
QUADSPI.IPParameters=ClockPrescaler,FifoThreshold,SampleShifting,FlashSize,ChipSelectHighTime
QUADSPI.SampleShifting=QSPI_SAMPLE_SHIFTING_HALFCYCLE
RCC.AHBFreq_Value=216000000
RCC.APB1CLKDivider=RCC_HCLK_DIV4
RCC.APB1Freq_Value=54000000
RCC.APB1TimFreq_Value=108000000
RCC.APB2CLKDivider=RCC_HCLK_DIV2
RCC.APB2Freq_Value=108000000
RCC.APB2TimFreq_Value=216000000
RCC.CECFreq_Value=32786.88524590164
RCC.CortexFreq_Value=216000000
RCC.EthernetFreq_Value=216000000
RCC.FCLKCortexFreq_Value=216000000
RCC.FamilyName=M
RCC.HCLKFreq_Value=216000000
RCC.HSE_VALUE=8000000
RCC.HSI_VALUE=16000000
RCC.I2C1Freq_Value=54000000
RCC.I2C2Freq_Value=54000000
RCC.I2C3Freq_Value=54000000
RCC.I2C4Freq_Value=54000000
RCC.I2SFreq_Value=192000000
RCC.IPParameters=FamilyName,HSI_VALUE,CECFreq_Value,HSE_VALUE,LSI_VALUE,SDMMCFreq_Value,VCOInputFreq_Value,VCOOutputFreq_Value,PLLCLKFreq_Value,PLLQCLKFreq_Value,VCOSAIOutputFreq_Value,PLLSAIPCLKFreq_Value,PLLSAIoutputFreq_Value,PLLSAIQCLKFreq_Value,SAI2Freq_Value,SAI1Freq_Value,PLLSAIRCLKFreq_Value,LCDTFToutputFreq_Value,VCOI2SOutputFreq_Value,PLLI2SPCLKFreq_Value,SPDIFRXFreq_Value,PLLI2SQCLKFreq_Value,PLLI2SRCLKFreq_Value,I2SFreq_Value,USBFreq_Value,PLLQoutputFreq_Value,PLLI2SRoutputFreq_Value,SYSCLKSource,EthernetFreq_Value,HCLKFreq_Value,AHBFreq_Value,CortexFreq_Value,FCLKCortexFreq_Value,APB1Freq_Value,APB1TimFreq_Value,I2C1Freq_Value,I2C3Freq_Value,I2C4Freq_Value,UART4Freq_Value,USART2Freq_Value,USART3Freq_Value,LPTIM1Freq_Value,UART5Freq_Value,I2C2Freq_Value,UART8Freq_Value,UART7Freq_Value,APB2Freq_Value,APB2TimFreq_Value,USART6Freq_Value,USART1Freq_Value,SYSCLKFreq_VALUE,MCO2PinFreq_Value,APB1CLKDivider,APB2CLKDivider,PLLSourceVirtual,LSE_VALUE,PLLM,PLLN
RCC.LCDTFToutputFreq_Value=96000000
RCC.LPTIM1Freq_Value=54000000
RCC.LSE_VALUE=32768
RCC.LSI_VALUE=32000
RCC.MCO2PinFreq_Value=216000000
RCC.PLLCLKFreq_Value=216000000
RCC.PLLI2SPCLKFreq_Value=192000000
RCC.PLLI2SQCLKFreq_Value=192000000
RCC.PLLI2SRCLKFreq_Value=192000000
RCC.PLLI2SRoutputFreq_Value=192000000
RCC.PLLM=4
RCC.PLLN=216
RCC.PLLQCLKFreq_Value=216000000
RCC.PLLQoutputFreq_Value=216000000
RCC.PLLSAIPCLKFreq_Value=192000000
RCC.PLLSAIQCLKFreq_Value=192000000
RCC.PLLSAIRCLKFreq_Value=192000000
RCC.PLLSAIoutputFreq_Value=192000000
RCC.PLLSourceVirtual=RCC_PLLSOURCE_HSE
RCC.SAI1Freq_Value=192000000
RCC.SAI2Freq_Value=192000000
RCC.SDMMCFreq_Value=216000000
RCC.SPDIFRXFreq_Value=192000000
RCC.SYSCLKFreq_VALUE=216000000
RCC.SYSCLKSource=RCC_SYSCLKSOURCE_PLLCLK
RCC.UART4Freq_Value=54000000
RCC.UART5Freq_Value=54000000
RCC.UART7Freq_Value=54000000
RCC.UART8Freq_Value=54000000
RCC.USART1Freq_Value=108000000
RCC.USART2Freq_Value=54000000
RCC.USART3Freq_Value=54000000
RCC.USART6Freq_Value=108000000
RCC.USBFreq_Value=216000000
RCC.VCOI2SOutputFreq_Value=384000000
RCC.VCOInputFreq_Value=2000000
RCC.VCOOutputFreq_Value=432000000
RCC.VCOSAIOutputFreq_Value=384000000
USART1.IPParameters=WordLength
USART1.WordLength=UART_WORDLENGTH_8B
board=STM32F746I
